GIT
  remote: https://github.com/zdennis/rawline.git
  revision: c381cb65c017bdf4aa6bd98134356549e725af82
  specs:
    yap-rawline (0.5.0)
      highline (~> 1.7, >= 1.7.2)
      term-ansicolor (~> 1.3.0)
      terminal-layout (~> 0.4.0)
      treefell (~> 0.2.3)

GIT
  remote: https://github.com/zdennis/terminal-layout.git
  revision: 976050c3a56a2a073934d4cfec2d0aeed163e857
  specs:
    terminal-layout (0.4.0)
      highline (~> 1.7, >= 1.7.8)
      ruby-terminfo (~> 0.1.1)
      ruby-termios (~> 0.9.6)
      treefell (~> 0.2.3)

GIT
  remote: https://github.com/zdennis/treefell.git
  revision: 09e527ba07b413947d93c52a13cd5dd470d7b1fc
  specs:
    treefell (0.2.3)
      term-ansicolor (~> 1.3)

GIT
  remote: https://github.com/zdennis/yap-shell-parser.git
  revision: 6b8390ecdd47b58f2550d4844e7a285cc1bbc4aa
  specs:
    yap-shell-parser (0.7.0)
      term-ansicolor (~> 1.3.0)
      treefell (~> 0.2.3)

PATH
  remote: .
  specs:
    yap-shell (0.6.0)
      chronic (~> 0.10.2)
      pry-byebug (~> 3.3)
      ruby-terminfo (~> 0.1.1)
      ruby-termios (~> 0.9.6)
      term-ansicolor (~> 1.3)
      treefell (~> 0.2.3)
      yap-rawline (~> 0.5.0)
      yap-shell-parser (~> 0.7.0)

GEM
  remote: https://rubygems.org/
  specs:
    byebug (9.0.5)
    childprocess (0.5.9)
      ffi (~> 1.0, >= 1.0.11)
    chronic (0.10.2)
    coderay (1.1.1)
    diff-lcs (1.2.5)
    ffi (1.9.10)
    highline (1.7.8)
    method_source (0.8.2)
    pry (0.10.3)
      coderay (~> 1.1.0)
      method_source (~> 0.8.1)
      slop (~> 3.4)
    pry-byebug (3.4.0)
      byebug (~> 9.0)
      pry (~> 0.10)
    rake (11.2.2)
    rspec (3.4.0)
      rspec-core (~> 3.4.0)
      rspec-expectations (~> 3.4.0)
      rspec-mocks (~> 3.4.0)
    rspec-core (3.4.4)
      rspec-support (~> 3.4.0)
    rspec-expectations (3.4.0)
      diff-lcs (>= 1.2.0, < 2.0)
      rspec-support (~> 3.4.0)
    rspec-mocks (3.4.1)
      diff-lcs (>= 1.2.0, < 2.0)
      rspec-support (~> 3.4.0)
    rspec-support (3.4.1)
    ruby-terminfo (0.1.1)
    ruby-termios (0.9.6)
    slop (3.6.0)
    term-ansicolor (1.3.2)
      tins (~> 1.0)
    tins (1.10.2)

PLATFORMS
  ruby

DEPENDENCIES
  bundler (~> 1.6)
  childprocess (~> 0.5.9)
  rake (~> 11)
  rspec (~> 3.0)
  terminal-layout!
  treefell!
  yap-rawline!
  yap-shell!
  yap-shell-parser!

BUNDLED WITH
   1.12.5
